{
  "name": "@skorfmann/cdktf-provider-aws",
  "version": "0.0.0",
  "lockfileVersion": 1,
  "requires": true,
  "dependencies": {
    "cdktf-provider": {
      "version": "0.0.9",
      "resolved": "https://registry.npmjs.org/cdktf-provider/-/cdktf-provider-0.0.9.tgz",
      "integrity": "sha512-HNknxLMUf5XjaB/1gQH3BkjKBcJrBPeMrEDLoD0AeMpkp1MqpDA31b/SqYrVwjfj/CBqCOKoU2ypkGu1XiDXHw==",
      "dev": true
    }
  }
}
